
Microsoft Visual Studio Solution File, Format Version 12.00
# Visual Studio Version 16
VisualStudioVersion = 16.0.31515.178
MinimumVisualStudioVersion = 10.0.40219.1
Project("{FAE04EC0-301F-11D3-BF4B-00C04F79EFBC}") = "CoreHoraLogada", "CoreHoraLogada\CoreHoraLogada.csproj", "{7844BF6C-FDA8-41B6-B1DC-1585E9E6AFE5}"
EndProject
Project("{FAE04EC0-301F-11D3-BF4B-00C04F79EFBC}") = "CoreHoraLogadaInfra", "CoreHoraLogadaInfra\CoreHoraLogadaInfra.csproj", "{07094C49-74D3-4123-80E1-15316F33A4D2}"
EndProject
Project("{FAE04EC0-301F-11D3-BF4B-00C04F79EFBC}") = "CoreHoraLogadaDomain", "CoreHoraLogadaDomain\CoreHoraLogadaDomain.csproj", "{9AFF8801-B358-419F-ABA3-20DE6F8C74C0}"
EndProject
Project("{2150E333-8FDC-42A3-9474-1A3956D46DE8}") = "Solution Items", "Solution Items", "{52464248-72DF-485C-9391-C3396E422805}"
	ProjectSection(SolutionItems) = preProject
		.editorconfig = .editorconfig
	EndProjectSection
EndProject
Global
	GlobalSection(SolutionConfigurationPlatforms) = preSolution
		Debug|Any CPU = Debug|Any CPU
		Release|Any CPU = Release|Any CPU
	EndGlobalSection
	GlobalSection(ProjectConfigurationPlatforms) = postSolution
		{7844BF6C-FDA8-41B6-B1DC-1585E9E6AFE5}.Debug|Any CPU.ActiveCfg = Debug|Any CPU
		{7844BF6C-FDA8-41B6-B1DC-1585E9E6AFE5}.Debug|Any CPU.Build.0 = Debug|Any CPU
		{7844BF6C-FDA8-41B6-B1DC-1585E9E6AFE5}.Release|Any CPU.ActiveCfg = Release|Any CPU
		{7844BF6C-FDA8-41B6-B1DC-1585E9E6AFE5}.Release|Any CPU.Build.0 = Release|Any CPU
		{07094C49-74D3-4123-80E1-15316F33A4D2}.Debug|Any CPU.ActiveCfg = Debug|Any CPU
		{07094C49-74D3-4123-80E1-15316F33A4D2}.Debug|Any CPU.Build.0 = Debug|Any CPU
		{07094C49-74D3-4123-80E1-15316F33A4D2}.Release|Any CPU.ActiveCfg = Release|Any CPU
		{07094C49-74D3-4123-80E1-15316F33A4D2}.Release|Any CPU.Build.0 = Release|Any CPU
		{9AFF8801-B358-419F-ABA3-20DE6F8C74C0}.Debug|Any CPU.ActiveCfg = Debug|Any CPU
		{9AFF8801-B358-419F-ABA3-20DE6F8C74C0}.Debug|Any CPU.Build.0 = Debug|Any CPU
		{9AFF8801-B358-419F-ABA3-20DE6F8C74C0}.Release|Any CPU.ActiveCfg = Release|Any CPU
		{9AFF8801-B358-419F-ABA3-20DE6F8C74C0}.Release|Any CPU.Build.0 = Release|Any CPU
	EndGlobalSection
	GlobalSection(SolutionProperties) = preSolution
		HideSolutionNode = FALSE
	EndGlobalSection
	GlobalSection(ExtensibilityGlobals) = postSolution
		SolutionGuid = {DF9DC3CC-1B12-407D-9161-5A695B17F810}
	EndGlobalSection
EndGlobal
